
Microsoft Visual Studio Solution File, Format Version 12.00
# Visual Studio Version 17
VisualStudioVersion = 17.3.32929.385
MinimumVisualStudioVersion = 10.0.40219.1
Project("{FAE04EC0-301F-11D3-BF4B-00C04F79EFBC}") = "ASPNETMVCCRUD", "ASPNETMVCCRUD\ASPNETMVCCRUD.csproj", "{62C4FD16-F258-4688-B1F9-4B21AADE08A0}"
EndProject
Global
	GlobalSection(SolutionConfigurationPlatforms) = preSolution
		Debug|Any CPU = Debug|Any CPU
		Release|Any CPU = Release|Any CPU
	EndGlobalSection
	GlobalSection(ProjectConfigurationPlatforms) = postSolution
		{62C4FD16-F258-4688-B1F9-4B21AADE08A0}.Debug|Any CPU.ActiveCfg = Debug|Any CPU
		{62C4FD16-F258-4688-B1F9-4B21AADE08A0}.Debug|Any CPU.Build.0 = Debug|Any CPU
		{62C4FD16-F258-4688-B1F9-4B21AADE08A0}.Release|Any CPU.ActiveCfg = Release|Any CPU
		{62C4FD16-F258-4688-B1F9-4B21AADE08A0}.Release|Any CPU.Build.0 = Release|Any CPU
	EndGlobalSection
	GlobalSection(SolutionProperties) = preSolution
		HideSolutionNode = FALSE
	EndGlobalSection
	GlobalSection(ExtensibilityGlobals) = postSolution
		SolutionGuid = {55FD3FB1-7A36-400C-8A48-08AAB81974DD}
	EndGlobalSection
EndGlobal
